
Microsoft Visual Studio Solution File, Format Version 12.00
# Visual Studio 14
VisualStudioVersion = 14.0.25420.1
MinimumVisualStudioVersion = 10.0.40219.1
Project("{FAE04EC0-301F-11D3-BF4B-00C04F79EFBC}") = "AsciiSim", "AsciiSim\AsciiSim.csproj", "{F7F4FFCE-DB35-41B1-95CD-00572A609C57}"
EndProject
Project("{FAE04EC0-301F-11D3-BF4B-00C04F79EFBC}") = "CivSim", "CivSim\CivSim.csproj", "{F37BB3EB-FDCA-4DE6-A449-10149A281883}"
EndProject
Project("{FAE04EC0-301F-11D3-BF4B-00C04F79EFBC}") = "Common", "Common\Common.csproj", "{9C461E46-98CF-4CD8-B146-CDA2C1C42BD9}"
EndProject
Project("{FAE04EC0-301F-11D3-BF4B-00C04F79EFBC}") = "CivSimTests", "CivSimTests\CivSimTests.csproj", "{6F38BDAF-7FF2-4E1C-AB79-6469F100B050}"
EndProject
Global
	GlobalSection(SolutionConfigurationPlatforms) = preSolution
		Debug|Any CPU = Debug|Any CPU
		Release|Any CPU = Release|Any CPU
	EndGlobalSection
	GlobalSection(ProjectConfigurationPlatforms) = postSolution
		{F7F4FFCE-DB35-41B1-95CD-00572A609C57}.Debug|Any CPU.ActiveCfg = Debug|Any CPU
		{F7F4FFCE-DB35-41B1-95CD-00572A609C57}.Debug|Any CPU.Build.0 = Debug|Any CPU
		{F7F4FFCE-DB35-41B1-95CD-00572A609C57}.Release|Any CPU.ActiveCfg = Release|Any CPU
		{F7F4FFCE-DB35-41B1-95CD-00572A609C57}.Release|Any CPU.Build.0 = Release|Any CPU
		{F37BB3EB-FDCA-4DE6-A449-10149A281883}.Debug|Any CPU.ActiveCfg = Debug|Any CPU
		{F37BB3EB-FDCA-4DE6-A449-10149A281883}.Debug|Any CPU.Build.0 = Debug|Any CPU
		{F37BB3EB-FDCA-4DE6-A449-10149A281883}.Release|Any CPU.ActiveCfg = Release|Any CPU
		{F37BB3EB-FDCA-4DE6-A449-10149A281883}.Release|Any CPU.Build.0 = Release|Any CPU
		{9C461E46-98CF-4CD8-B146-CDA2C1C42BD9}.Debug|Any CPU.ActiveCfg = Debug|Any CPU
		{9C461E46-98CF-4CD8-B146-CDA2C1C42BD9}.Debug|Any CPU.Build.0 = Debug|Any CPU
		{9C461E46-98CF-4CD8-B146-CDA2C1C42BD9}.Release|Any CPU.ActiveCfg = Release|Any CPU
		{9C461E46-98CF-4CD8-B146-CDA2C1C42BD9}.Release|Any CPU.Build.0 = Release|Any CPU
		{6F38BDAF-7FF2-4E1C-AB79-6469F100B050}.Debug|Any CPU.ActiveCfg = Debug|Any CPU
		{6F38BDAF-7FF2-4E1C-AB79-6469F100B050}.Debug|Any CPU.Build.0 = Debug|Any CPU
		{6F38BDAF-7FF2-4E1C-AB79-6469F100B050}.Release|Any CPU.ActiveCfg = Release|Any CPU
		{6F38BDAF-7FF2-4E1C-AB79-6469F100B050}.Release|Any CPU.Build.0 = Release|Any CPU
	EndGlobalSection
	GlobalSection(SolutionProperties) = preSolution
		HideSolutionNode = FALSE
	EndGlobalSection
EndGlobal
